github.com/richard-lyman/harbor v0.0.0-20191228183837-946efb839bed/go.mod h1:56+ekIu4csKDprGsdu+kjku8BjcAk296fQ7x9EnURxU=
github.com/richard-lyman/harbor/cmd/harbor v0.0.0-20191228184415-e9c44f3e38a0 h1:mq2/iMULxkoAU7+RfC+KrPAIgvFxF5tkcJk5ukaP0mU=
github.com/richard-lyman/harbor/cmd/harbor v0.0.0-20191228184415-e9c44f3e38a0/go.mod h1:ZTP4U1qy44IKxvb/oP1UtO0cVvOG/rclZRtoEK2YubM=
