github.com/richard-lyman/harbor v1.1.1 h1:JK6Hh9OSeGpX/iLZQLKuqZAsmNLX8fOflkeNOmGwgIc=
github.com/richard-lyman/harbor v1.1.1/go.mod h1:56+ekIu4csKDprGsdu+kjku8BjcAk296fQ7x9EnURxU=
github.com/richard-lyman/harbor v1.1.2 h1:gzDbuMB3Sy844a1Eh+5LqtbAjyf+UVSXX06iuTQOWag=
github.com/richard-lyman/harbor v1.1.2/go.mod h1:56+ekIu4csKDprGsdu+kjku8BjcAk296fQ7x9EnURxU=
